
Microsoft Visual Studio Solution File, Format Version 12.00
# Visual Studio Version 16
VisualStudioVersion = 25.0.1705.3
MinimumVisualStudioVersion = 10.0.40219.1
Project("{FAE04EC0-301F-11D3-BF4B-00C04F79EFBC}") = "L7_BST", "L7_BST\L7_BST.csproj", "{BC9CC6D9-05BA-4704-B45B-CEF04435BC50}"
EndProject
Global
	GlobalSection(SolutionConfigurationPlatforms) = preSolution
		Debug|Any CPU = Debug|Any CPU
		Release|Any CPU = Release|Any CPU
	EndGlobalSection
	GlobalSection(ProjectConfigurationPlatforms) = postSolution
		{BC9CC6D9-05BA-4704-B45B-CEF04435BC50}.Debug|Any CPU.ActiveCfg = Debug|Any CPU
		{BC9CC6D9-05BA-4704-B45B-CEF04435BC50}.Debug|Any CPU.Build.0 = Debug|Any CPU
		{BC9CC6D9-05BA-4704-B45B-CEF04435BC50}.Release|Any CPU.ActiveCfg = Release|Any CPU
		{BC9CC6D9-05BA-4704-B45B-CEF04435BC50}.Release|Any CPU.Build.0 = Release|Any CPU
	EndGlobalSection
	GlobalSection(SolutionProperties) = preSolution
		HideSolutionNode = FALSE
	EndGlobalSection
	GlobalSection(ExtensibilityGlobals) = postSolution
		SolutionGuid = {AFEF3970-CDE0-4D86-B97B-1A4175B7C563}
	EndGlobalSection
EndGlobal
