
Microsoft Visual Studio Solution File, Format Version 12.00
# Visual Studio Version 17
VisualStudioVersion = 17.0.32112.339
MinimumVisualStudioVersion = 10.0.40219.1
Project("{FAE04EC0-301F-11D3-BF4B-00C04F79EFBC}") = "Lab1", "Lab1.csproj", "{EE3D383C-A521-4283-93C4-C0D4CB57457E}"
EndProject
Global
	GlobalSection(SolutionConfigurationPlatforms) = preSolution
		Debug|Any CPU = Debug|Any CPU
		Release|Any CPU = Release|Any CPU
	EndGlobalSection
	GlobalSection(ProjectConfigurationPlatforms) = postSolution
		{EE3D383C-A521-4283-93C4-C0D4CB57457E}.Debug|Any CPU.ActiveCfg = Debug|Any CPU
		{EE3D383C-A521-4283-93C4-C0D4CB57457E}.Debug|Any CPU.Build.0 = Debug|Any CPU
		{EE3D383C-A521-4283-93C4-C0D4CB57457E}.Release|Any CPU.ActiveCfg = Release|Any CPU
		{EE3D383C-A521-4283-93C4-C0D4CB57457E}.Release|Any CPU.Build.0 = Release|Any CPU
	EndGlobalSection
	GlobalSection(SolutionProperties) = preSolution
		HideSolutionNode = FALSE
	EndGlobalSection
	GlobalSection(ExtensibilityGlobals) = postSolution
		SolutionGuid = {D55D9823-749C-4B8D-B3E8-A537AF587914}
	EndGlobalSection
EndGlobal
