
Microsoft Visual Studio Solution File, Format Version 12.00
# Visual Studio Version 17
VisualStudioVersion = 17.0.32112.339
MinimumVisualStudioVersion = 10.0.40219.1
Project("{FAE04EC0-301F-11D3-BF4B-00C04F79EFBC}") = "Lab4", "Lab4.csproj", "{BA3EF9FD-D7B7-432D-9571-DC7FAE27DD25}"
EndProject
Global
	GlobalSection(SolutionConfigurationPlatforms) = preSolution
		Debug|Any CPU = Debug|Any CPU
		Release|Any CPU = Release|Any CPU
	EndGlobalSection
	GlobalSection(ProjectConfigurationPlatforms) = postSolution
		{BA3EF9FD-D7B7-432D-9571-DC7FAE27DD25}.Debug|Any CPU.ActiveCfg = Debug|Any CPU
		{BA3EF9FD-D7B7-432D-9571-DC7FAE27DD25}.Debug|Any CPU.Build.0 = Debug|Any CPU
		{BA3EF9FD-D7B7-432D-9571-DC7FAE27DD25}.Release|Any CPU.ActiveCfg = Release|Any CPU
		{BA3EF9FD-D7B7-432D-9571-DC7FAE27DD25}.Release|Any CPU.Build.0 = Release|Any CPU
	EndGlobalSection
	GlobalSection(SolutionProperties) = preSolution
		HideSolutionNode = FALSE
	EndGlobalSection
	GlobalSection(ExtensibilityGlobals) = postSolution
		SolutionGuid = {9995B2A4-5295-418B-8816-799FFC0B804B}
	EndGlobalSection
EndGlobal
